
Microsoft Visual Studio Solution File, Format Version 12.00
# Visual Studio Version 16
VisualStudioVersion = 16.0.30320.27
MinimumVisualStudioVersion = 10.0.40219.1
Project("{2150E333-8FDC-42A3-9474-1A3956D46DE8}") = "Presentation", "Presentation", "{C116E472-917D-4B7B-A995-2CA1CA870BEF}"
EndProject
Project("{2150E333-8FDC-42A3-9474-1A3956D46DE8}") = "Infra.IOC", "Infra.IOC", "{038ED7BB-D1DC-4BA0-9131-0FC6301DF86B}"
EndProject
Project("{2150E333-8FDC-42A3-9474-1A3956D46DE8}") = "Infra.Data", "Infra.Data", "{97725E17-BA30-48A8-8549-D7549B218A69}"
EndProject
Project("{2150E333-8FDC-42A3-9474-1A3956D46DE8}") = "Domain", "Domain", "{EBB048B4-31CE-470D-B81C-69BF0AAFF388}"
EndProject
Project("{2150E333-8FDC-42A3-9474-1A3956D46DE8}") = "Application", "Application", "{01A82F90-5CB4-4F79-B444-EAACD22BD735}"
EndProject
Project("{9A19103F-16F7-4668-BE54-9A1E7A4F7556}") = "SheClean.MVC", "SheClean.MVC\SheClean.MVC.csproj", "{012E176E-C5E3-4599-9CA8-A34836219F7D}"
EndProject
Project("{FAE04EC0-301F-11D3-BF4B-00C04F79EFBC}") = "SheClean.Domain", "SheClean.Domain\SheClean.Domain.csproj", "{3F4F34FC-CF9E-4A55-A347-5ACB074215EC}"
EndProject
Global
	GlobalSection(SolutionConfigurationPlatforms) = preSolution
		Debug|Any CPU = Debug|Any CPU
		Release|Any CPU = Release|Any CPU
	EndGlobalSection
	GlobalSection(ProjectConfigurationPlatforms) = postSolution
		{012E176E-C5E3-4599-9CA8-A34836219F7D}.Debug|Any CPU.ActiveCfg = Debug|Any CPU
		{012E176E-C5E3-4599-9CA8-A34836219F7D}.Debug|Any CPU.Build.0 = Debug|Any CPU
		{012E176E-C5E3-4599-9CA8-A34836219F7D}.Release|Any CPU.ActiveCfg = Release|Any CPU
		{012E176E-C5E3-4599-9CA8-A34836219F7D}.Release|Any CPU.Build.0 = Release|Any CPU
		{3F4F34FC-CF9E-4A55-A347-5ACB074215EC}.Debug|Any CPU.ActiveCfg = Debug|Any CPU
		{3F4F34FC-CF9E-4A55-A347-5ACB074215EC}.Debug|Any CPU.Build.0 = Debug|Any CPU
		{3F4F34FC-CF9E-4A55-A347-5ACB074215EC}.Release|Any CPU.ActiveCfg = Release|Any CPU
		{3F4F34FC-CF9E-4A55-A347-5ACB074215EC}.Release|Any CPU.Build.0 = Release|Any CPU
	EndGlobalSection
	GlobalSection(SolutionProperties) = preSolution
		HideSolutionNode = FALSE
	EndGlobalSection
	GlobalSection(NestedProjects) = preSolution
		{012E176E-C5E3-4599-9CA8-A34836219F7D} = {C116E472-917D-4B7B-A995-2CA1CA870BEF}
		{3F4F34FC-CF9E-4A55-A347-5ACB074215EC} = {EBB048B4-31CE-470D-B81C-69BF0AAFF388}
	EndGlobalSection
	GlobalSection(ExtensibilityGlobals) = postSolution
		SolutionGuid = {F575C793-E7B4-466D-B308-A559D0D440A5}
	EndGlobalSection
EndGlobal
